preprocess:
  cmd: python src/preprocess.py
  deps:
  - path: assets/original_data/train.csv
    md5: e4e4f90c48d6accade388090f0aec20f
  - path: src/preprocess.py
    md5: 57a33ed04167eb98746e1bc0e981255f
  outs:
  - path: assets/preprocessed/
    md5: c15ac4eee953343f5e93c89469a8aee1.dir
featurize:
  cmd: python src/featurize.py
  deps:
  - path: assets/preprocessed/test.csv
    md5: e927269b17491a1fe514ad3ef648da1a
  - path: assets/preprocessed/train.csv
    md5: cd89a6457d79a41c47231e7b9f7451e5
  - path: src/preprocess.py
    md5: 57a33ed04167eb98746e1bc0e981255f
  outs:
  - path: assets/featurized/
    md5: 394ac9da5da6c71e22891aae6ab5dedf.dir
train_test_eval:
  cmd: python src/model.py
  deps:
  - path: assets/featurized
    md5: 6f2fe1f3b72389ddd735987b1799c8b2.dir
  - path: src/model.py
    md5: b7ad5d58854dc88ea0fe18789121f331
  params:
    params.yaml:
      model.random: 20
      model.split: 0.25
  outs:
  - path: assets/eval/scores.json
    md5: e4f77b89de5181c349b2775963eca550
  - path: assets/models
    md5: 7ffddf812c0461cf499d3d0a62ce96a0.dir
