preprocess:
  cmd: python src/preprocess.py
  deps:
  - path: assets/original_data/train.csv
    md5: ca2c4cd0670989b20dccf6a55cb8078b
  - path: src/preprocess.py
    md5: 41c50362e26abde799c032ecd193539a
  outs:
  - path: assets/preprocessed/
    md5: 363d25d71db78c817aed29711520b77a.dir
featurize:
  cmd: python src/featurize.py
  deps:
  - path: assets/preprocessed/test.csv
    md5: bc749950fd5c1bafe7ba085c0b9f853d
  - path: assets/preprocessed/train.csv
    md5: 2b1436ea59c9bbd7ae7394d246655ae6
  - path: src/preprocess.py
    md5: 41c50362e26abde799c032ecd193539a
  outs:
  - path: assets/featurized/
    md5: fbbcdc01855d269c95f8784f689a8c11.dir
train_test_eval:
  cmd: python src/model.py
  deps:
  - path: assets/featurized
    md5: 26e06ac8b48e905fda1eba56685ec5fb.dir
  - path: src/model.py
    md5: 31fb8697413ea4146905adc6defa5788
  params:
    params.yaml:
      model.random: 20
      model.split: 0.3
  outs:
  - path: assets/eval/scores.json
    md5: a4626ac9ab3cde655e12e90a40d5e2af
  - path: assets/models
    md5: 5cdf5c01a09d48e4a1aa93f4585b2020.dir
